
Microsoft Visual Studio Solution File, Format Version 12.00
# Visual Studio Version 16
VisualStudioVersion = 16.0.29926.136
MinimumVisualStudioVersion = 10.0.40219.1
Project("{9A19103F-16F7-4668-BE54-9A1E7A4F7556}") = "Garage_1", "GarageProject\Garage_1.csproj", "{5162A455-DBE0-49C1-9CB7-EFAFF974521B}"
EndProject
Project("{9A19103F-16F7-4668-BE54-9A1E7A4F7556}") = "GarageUnitTest", "GarageUnitTest\GarageUnitTest.csproj", "{8FCDE09E-8479-42AC-AFDD-BBE91FCE60DA}"
EndProject
Global
	GlobalSection(SolutionConfigurationPlatforms) = preSolution
		Debug|Any CPU = Debug|Any CPU
		Release|Any CPU = Release|Any CPU
	EndGlobalSection
	GlobalSection(ProjectConfigurationPlatforms) = postSolution
		{5162A455-DBE0-49C1-9CB7-EFAFF974521B}.Debug|Any CPU.ActiveCfg = Debug|Any CPU
		{5162A455-DBE0-49C1-9CB7-EFAFF974521B}.Debug|Any CPU.Build.0 = Debug|Any CPU
		{5162A455-DBE0-49C1-9CB7-EFAFF974521B}.Release|Any CPU.ActiveCfg = Release|Any CPU
		{5162A455-DBE0-49C1-9CB7-EFAFF974521B}.Release|Any CPU.Build.0 = Release|Any CPU
		{8FCDE09E-8479-42AC-AFDD-BBE91FCE60DA}.Debug|Any CPU.ActiveCfg = Debug|Any CPU
		{8FCDE09E-8479-42AC-AFDD-BBE91FCE60DA}.Debug|Any CPU.Build.0 = Debug|Any CPU
		{8FCDE09E-8479-42AC-AFDD-BBE91FCE60DA}.Release|Any CPU.ActiveCfg = Release|Any CPU
		{8FCDE09E-8479-42AC-AFDD-BBE91FCE60DA}.Release|Any CPU.Build.0 = Release|Any CPU
	EndGlobalSection
	GlobalSection(SolutionProperties) = preSolution
		HideSolutionNode = FALSE
	EndGlobalSection
	GlobalSection(ExtensibilityGlobals) = postSolution
		SolutionGuid = {05511188-E09C-4D44-90C1-F7C55ACB72D4}
	EndGlobalSection
EndGlobal
